<?xml version="1.0" encoding="utf-8"?>
<Project ToolsVersion="4.0" xmlns="http://schemas.microsoft.com/developer/msbuild/2003">
  <ItemGroup>
    <Filter Include="Файлы исходного кода">
      <UniqueIdentifier>{4FC737F1-C7A5-4376-A066-2A32D752A2FF}</UniqueIdentifier>
      <Extensions>cpp;c;cc;cxx;def;odl;idl;hpj;bat;asm;asmx</Extensions>
    </Filter>
    <Filter Include="Заголовочные файлы">
      <UniqueIdentifier>{93995380-89BD-4b04-88EB-625FBE52EBFB}</UniqueIdentifier>
      <Extensions>h;hpp;hxx;hm;inl;inc;xsd</Extensions>
    </Filter>
    <Filter Include="Файлы ресурсов">
      <UniqueIdentifier>{67DA6AB6-F800-4c08-8B7A-83BB121AAD01}</UniqueIdentifier>
      <Extensions>rc;ico;cur;bmp;dlg;rc2;rct;bin;rgs;gif;jpg;jpeg;jpe;resx;tiff;tif;png;wav;mfcribbon-ms</Extensions>
    </Filter>
  </ItemGroup>
  <ItemGroup>
    <ClCompile Include="proto_new.cpp">
      <Filter>Файлы исходного кода</Filter>
    </ClCompile>
    <ClCompile Include="DocumentId.pb.cc">
      <Filter>Файлы исходного кода</Filter>
    </ClCompile>
  </ItemGroup>
  <ItemGroup>
    <ClInclude Include="stdafx.h">
      <Filter>Заголовочные файлы</Filter>
    </ClInclude>
    <ClInclude Include="DocumentId.pb.h">
      <Filter>Заголовочные файлы</Filter>
    </ClInclude>
    <ClInclude Include="google\protobuf\compiler\cpp\cpp_generator.h">
      <Filter>Заголовочные файлы</Filter>
    </ClInclude>
    <ClInclude Include="google\protobuf\compiler\java\java_generator.h">
      <Filter>Заголовочные файлы</Filter>
    </ClInclude>
    <ClInclude Include="google\protobuf\compiler\python\python_generator.h">
      <Filter>Заголовочные файлы</Filter>
    </ClInclude>
    <ClInclude Include="google\protobuf\compiler\code_generator.h">
      <Filter>Заголовочные файлы</Filter>
    </ClInclude>
    <ClInclude Include="google\protobuf\compiler\command_line_interface.h">
      <Filter>Заголовочные файлы</Filter>
    </ClInclude>
    <ClInclude Include="google\protobuf\compiler\importer.h">
      <Filter>Заголовочные файлы</Filter>
    </ClInclude>
    <ClInclude Include="google\protobuf\compiler\parser.h">
      <Filter>Заголовочные файлы</Filter>
    </ClInclude>
    <ClInclude Include="google\protobuf\compiler\plugin.h">
      <Filter>Заголовочные файлы</Filter>
    </ClInclude>
    <ClInclude Include="google\protobuf\io\coded_stream.h">
      <Filter>Заголовочные файлы</Filter>
    </ClInclude>
    <ClInclude Include="google\protobuf\io\gzip_stream.h">
      <Filter>Заголовочные файлы</Filter>
    </ClInclude>
    <ClInclude Include="google\protobuf\io\printer.h">
      <Filter>Заголовочные файлы</Filter>
    </ClInclude>
    <ClInclude Include="google\protobuf\io\tokenizer.h">
      <Filter>Заголовочные файлы</Filter>
    </ClInclude>
    <ClInclude Include="google\protobuf\io\zero_copy_stream.h">
      <Filter>Заголовочные файлы</Filter>
    </ClInclude>
    <ClInclude Include="google\protobuf\io\zero_copy_stream_impl.h">
      <Filter>Заголовочные файлы</Filter>
    </ClInclude>
    <ClInclude Include="google\protobuf\io\zero_copy_stream_impl_lite.h">
      <Filter>Заголовочные файлы</Filter>
    </ClInclude>
    <ClInclude Include="google\protobuf\stubs\atomicops.h">
      <Filter>Заголовочные файлы</Filter>
    </ClInclude>
    <ClInclude Include="google\protobuf\stubs\atomicops_internals_x86_msvc.h">
      <Filter>Заголовочные файлы</Filter>
    </ClInclude>
    <ClInclude Include="google\protobuf\stubs\common.h">
      <Filter>Заголовочные файлы</Filter>
    </ClInclude>
    <ClInclude Include="google\protobuf\stubs\once.h">
      <Filter>Заголовочные файлы</Filter>
    </ClInclude>
    <ClInclude Include="google\protobuf\stubs\platform_macros.h">
      <Filter>Заголовочные файлы</Filter>
    </ClInclude>
    <ClInclude Include="google\protobuf\stubs\template_util.h">
      <Filter>Заголовочные файлы</Filter>
    </ClInclude>
    <ClInclude Include="google\protobuf\stubs\type_traits.h">
      <Filter>Заголовочные файлы</Filter>
    </ClInclude>
    <ClInclude Include="google\protobuf\descriptor.h">
      <Filter>Заголовочные файлы</Filter>
    </ClInclude>
    <ClInclude Include="google\protobuf\descriptor.pb.h">
      <Filter>Заголовочные файлы</Filter>
    </ClInclude>
    <ClInclude Include="google\protobuf\descriptor_database.h">
      <Filter>Заголовочные файлы</Filter>
    </ClInclude>
    <ClInclude Include="google\protobuf\dynamic_message.h">
      <Filter>Заголовочные файлы</Filter>
    </ClInclude>
    <ClInclude Include="google\protobuf\extension_set.h">
      <Filter>Заголовочные файлы</Filter>
    </ClInclude>
    <ClInclude Include="google\protobuf\generated_enum_reflection.h">
      <Filter>Заголовочные файлы</Filter>
    </ClInclude>
    <ClInclude Include="google\protobuf\generated_message_reflection.h">
      <Filter>Заголовочные файлы</Filter>
    </ClInclude>
    <ClInclude Include="google\protobuf\generated_message_util.h">
      <Filter>Заголовочные файлы</Filter>
    </ClInclude>
    <ClInclude Include="google\protobuf\message.h">
      <Filter>Заголовочные файлы</Filter>
    </ClInclude>
    <ClInclude Include="google\protobuf\message_lite.h">
      <Filter>Заголовочные файлы</Filter>
    </ClInclude>
    <ClInclude Include="google\protobuf\reflection_ops.h">
      <Filter>Заголовочные файлы</Filter>
    </ClInclude>
    <ClInclude Include="google\protobuf\repeated_field.h">
      <Filter>Заголовочные файлы</Filter>
    </ClInclude>
    <ClInclude Include="google\protobuf\service.h">
      <Filter>Заголовочные файлы</Filter>
    </ClInclude>
    <ClInclude Include="google\protobuf\text_format.h">
      <Filter>Заголовочные файлы</Filter>
    </ClInclude>
    <ClInclude Include="google\protobuf\unknown_field_set.h">
      <Filter>Заголовочные файлы</Filter>
    </ClInclude>
    <ClInclude Include="google\protobuf\wire_format.h">
      <Filter>Заголовочные файлы</Filter>
    </ClInclude>
    <ClInclude Include="google\protobuf\wire_format_lite.h">
      <Filter>Заголовочные файлы</Filter>
    </ClInclude>
    <ClInclude Include="google\protobuf\wire_format_lite_inl.h">
      <Filter>Заголовочные файлы</Filter>
    </ClInclude>
    <ClInclude Include="google\protobuf\unittest.pb.h">
      <Filter>Заголовочные файлы</Filter>
    </ClInclude>
    <ClInclude Include="google\protobuf\unittest_custom_options.pb.h">
      <Filter>Заголовочные файлы</Filter>
    </ClInclude>
    <ClInclude Include="google\protobuf\unittest_embed_optimize_for.pb.h">
      <Filter>Заголовочные файлы</Filter>
    </ClInclude>
    <ClInclude Include="google\protobuf\unittest_import.pb.h">
      <Filter>Заголовочные файлы</Filter>
    </ClInclude>
    <ClInclude Include="google\protobuf\unittest_import_lite.pb.h">
      <Filter>Заголовочные файлы</Filter>
    </ClInclude>
    <ClInclude Include="google\protobuf\unittest_import_public.pb.h">
      <Filter>Заголовочные файлы</Filter>
    </ClInclude>
    <ClInclude Include="google\protobuf\unittest_import_public_lite.pb.h">
      <Filter>Заголовочные файлы</Filter>
    </ClInclude>
    <ClInclude Include="google\protobuf\unittest_lite.pb.h">
      <Filter>Заголовочные файлы</Filter>
    </ClInclude>
    <ClInclude Include="google\protobuf\unittest_lite_imports_nonlite.pb.h">
      <Filter>Заголовочные файлы</Filter>
    </ClInclude>
    <ClInclude Include="google\protobuf\unittest_mset.pb.h">
      <Filter>Заголовочные файлы</Filter>
    </ClInclude>
    <ClInclude Include="google\protobuf\unittest_no_generic_services.pb.h">
      <Filter>Заголовочные файлы</Filter>
    </ClInclude>
    <ClInclude Include="google\protobuf\unittest_optimize_for.pb.h">
      <Filter>Заголовочные файлы</Filter>
    </ClInclude>
    <ClInclude Include="google\protobuf\compiler\cpp\cpp_test_bad_identifiers.pb.h">
      <Filter>Заголовочные файлы</Filter>
    </ClInclude>
  </ItemGroup>
</Project>